
Microsoft Visual Studio Solution File, Format Version 12.00
# Visual Studio Version 17
VisualStudioVersion = 17.7.34003.232
MinimumVisualStudioVersion = 10.0.40219.1
Project("{2150E333-8FDC-42A3-9474-1A3956D46DE8}") = "Services", "Services", "{97843E85-4553-44E0-9C05-85720871BEF3}"
EndProject
Project("{2150E333-8FDC-42A3-9474-1A3956D46DE8}") = "Catalog", "Catalog", "{11364E57-4E16-424D-B4A4-85D6C8AC9A37}"
EndProject
Project("{FAE04EC0-301F-11D3-BF4B-00C04F79EFBC}") = "FreeCourse.Services.Catalog", "Services\Catalog\FreeCourse.Services.Catalog\FreeCourse.Services.Catalog.csproj", "{A3CA92DB-28D5-4A77-AC47-D8C513938CDF}"
EndProject
Project("{2150E333-8FDC-42A3-9474-1A3956D46DE8}") = "Solution Items", "Solution Items", "{77B3BC6E-AFD0-40D5-9F9A-B05C7A9C6B75}"
	ProjectSection(SolutionItems) = preProject
		Ports.txt = Ports.txt
	EndProjectSection
EndProject
Global
	GlobalSection(SolutionConfigurationPlatforms) = preSolution
		Debug|Any CPU = Debug|Any CPU
		Release|Any CPU = Release|Any CPU
	EndGlobalSection
	GlobalSection(ProjectConfigurationPlatforms) = postSolution
		{A3CA92DB-28D5-4A77-AC47-D8C513938CDF}.Debug|Any CPU.ActiveCfg = Debug|Any CPU
		{A3CA92DB-28D5-4A77-AC47-D8C513938CDF}.Debug|Any CPU.Build.0 = Debug|Any CPU
		{A3CA92DB-28D5-4A77-AC47-D8C513938CDF}.Release|Any CPU.ActiveCfg = Release|Any CPU
		{A3CA92DB-28D5-4A77-AC47-D8C513938CDF}.Release|Any CPU.Build.0 = Release|Any CPU
	EndGlobalSection
	GlobalSection(SolutionProperties) = preSolution
		HideSolutionNode = FALSE
	EndGlobalSection
	GlobalSection(NestedProjects) = preSolution
		{11364E57-4E16-424D-B4A4-85D6C8AC9A37} = {97843E85-4553-44E0-9C05-85720871BEF3}
		{A3CA92DB-28D5-4A77-AC47-D8C513938CDF} = {11364E57-4E16-424D-B4A4-85D6C8AC9A37}
	EndGlobalSection
	GlobalSection(ExtensibilityGlobals) = postSolution
		SolutionGuid = {E5F8FBE4-9148-4622-8349-AF4253C403E2}
	EndGlobalSection
EndGlobal
